{
  "name": "garudajavascript2",
  "version": "1.0.0",
  "lockfileVersion": 3,
  "requires": true,
  "packages": {
    "": {
      "name": "garudajavascript2",
      "version": "1.0.0",
      "license": "SEE LICENSE IN <LICENSE>",
      "dependencies": {
        "garudajavascript2": "file:"
      }
    },
    "node_modules/garudajavascript2": {
      "resolved": "",
      "link": true
    }
  }
}
